
Microsoft Visual Studio Solution File, Format Version 12.00
# Visual Studio Version 16
VisualStudioVersion = 16.0.33328.57
MinimumVisualStudioVersion = 10.0.40219.1
Project("{8BC9CEB8-8B4A-11D0-8D11-00A0C91BC942}") = "alloc_free_hook_test03", "alloc_free_hook_test03.vcxproj", "{342E8158-5A5E-4F9E-8011-D81199EBC424}"
EndProject
Global
	GlobalSection(SolutionConfigurationPlatforms) = preSolution
		Debug|ARM = Debug|ARM
		Debug|ARM64 = Debug|ARM64
		Debug|x64 = Debug|x64
		Debug|x86 = Debug|x86
		Release|ARM = Release|ARM
		Release|ARM64 = Release|ARM64
		Release|x64 = Release|x64
		Release|x86 = Release|x86
	EndGlobalSection
	GlobalSection(ProjectConfigurationPlatforms) = postSolution
		{342E8158-5A5E-4F9E-8011-D81199EBC424}.Debug|ARM.ActiveCfg = Debug|ARM
		{342E8158-5A5E-4F9E-8011-D81199EBC424}.Debug|ARM.Build.0 = Debug|ARM
		{342E8158-5A5E-4F9E-8011-D81199EBC424}.Debug|ARM64.ActiveCfg = Debug|ARM64
		{342E8158-5A5E-4F9E-8011-D81199EBC424}.Debug|ARM64.Build.0 = Debug|ARM64
		{342E8158-5A5E-4F9E-8011-D81199EBC424}.Debug|x64.ActiveCfg = Debug|x64
		{342E8158-5A5E-4F9E-8011-D81199EBC424}.Debug|x64.Build.0 = Debug|x64
		{342E8158-5A5E-4F9E-8011-D81199EBC424}.Debug|x86.ActiveCfg = Debug|Win32
		{342E8158-5A5E-4F9E-8011-D81199EBC424}.Debug|x86.Build.0 = Debug|Win32
		{342E8158-5A5E-4F9E-8011-D81199EBC424}.Release|ARM.ActiveCfg = Release|ARM
		{342E8158-5A5E-4F9E-8011-D81199EBC424}.Release|ARM.Build.0 = Release|ARM
		{342E8158-5A5E-4F9E-8011-D81199EBC424}.Release|ARM64.ActiveCfg = Release|ARM64
		{342E8158-5A5E-4F9E-8011-D81199EBC424}.Release|ARM64.Build.0 = Release|ARM64
		{342E8158-5A5E-4F9E-8011-D81199EBC424}.Release|x64.ActiveCfg = Release|x64
		{342E8158-5A5E-4F9E-8011-D81199EBC424}.Release|x64.Build.0 = Release|x64
		{342E8158-5A5E-4F9E-8011-D81199EBC424}.Release|x86.ActiveCfg = Release|Win32
		{342E8158-5A5E-4F9E-8011-D81199EBC424}.Release|x86.Build.0 = Release|Win32
	EndGlobalSection
	GlobalSection(SolutionProperties) = preSolution
		HideSolutionNode = FALSE
	EndGlobalSection
	GlobalSection(ExtensibilityGlobals) = postSolution
		SolutionGuid = {5F2665FC-ACD0-4EC0-AC40-F895D9784B15}
	EndGlobalSection
EndGlobal
