
Microsoft Visual Studio Solution File, Format Version 12.00
# Visual Studio Version 16
VisualStudioVersion = 16.0.34114.132
MinimumVisualStudioVersion = 10.0.40219.1
Project("{8BC9CEB8-8B4A-11D0-8D11-00A0C91BC942}") = "libanalyze_socket_leak", "libanalyze_socket_leak.vcxproj", "{276F030B-9360-405A-86FF-43E20C9286DE}"
EndProject
Global
	GlobalSection(SolutionConfigurationPlatforms) = preSolution
		Debug|ARM = Debug|ARM
		Debug|ARM64 = Debug|ARM64
		Debug|x64 = Debug|x64
		Debug|x86 = Debug|x86
		Release|ARM = Release|ARM
		Release|ARM64 = Release|ARM64
		Release|x64 = Release|x64
		Release|x86 = Release|x86
	EndGlobalSection
	GlobalSection(ProjectConfigurationPlatforms) = postSolution
		{276F030B-9360-405A-86FF-43E20C9286DE}.Debug|ARM.ActiveCfg = Debug|ARM
		{276F030B-9360-405A-86FF-43E20C9286DE}.Debug|ARM.Build.0 = Debug|ARM
		{276F030B-9360-405A-86FF-43E20C9286DE}.Debug|ARM64.ActiveCfg = Debug|ARM64
		{276F030B-9360-405A-86FF-43E20C9286DE}.Debug|ARM64.Build.0 = Debug|ARM64
		{276F030B-9360-405A-86FF-43E20C9286DE}.Debug|x64.ActiveCfg = Debug|x64
		{276F030B-9360-405A-86FF-43E20C9286DE}.Debug|x64.Build.0 = Debug|x64
		{276F030B-9360-405A-86FF-43E20C9286DE}.Debug|x86.ActiveCfg = Debug|Win32
		{276F030B-9360-405A-86FF-43E20C9286DE}.Debug|x86.Build.0 = Debug|Win32
		{276F030B-9360-405A-86FF-43E20C9286DE}.Release|ARM.ActiveCfg = Release|ARM
		{276F030B-9360-405A-86FF-43E20C9286DE}.Release|ARM.Build.0 = Release|ARM
		{276F030B-9360-405A-86FF-43E20C9286DE}.Release|ARM64.ActiveCfg = Release|ARM64
		{276F030B-9360-405A-86FF-43E20C9286DE}.Release|ARM64.Build.0 = Release|ARM64
		{276F030B-9360-405A-86FF-43E20C9286DE}.Release|x64.ActiveCfg = Release|x64
		{276F030B-9360-405A-86FF-43E20C9286DE}.Release|x64.Build.0 = Release|x64
		{276F030B-9360-405A-86FF-43E20C9286DE}.Release|x86.ActiveCfg = Release|Win32
		{276F030B-9360-405A-86FF-43E20C9286DE}.Release|x86.Build.0 = Release|Win32
	EndGlobalSection
	GlobalSection(SolutionProperties) = preSolution
		HideSolutionNode = FALSE
	EndGlobalSection
	GlobalSection(ExtensibilityGlobals) = postSolution
		SolutionGuid = {B8635506-A4A0-465F-BAA0-BC8FDDEAD67D}
	EndGlobalSection
EndGlobal
